{
  "version": 4,
  "terraform_version": "1.4.6",
  "serial": 5,
  "lineage": "57b1964c-693c-65f3-b2e1-ca9fe5fa0882",
  "outputs": {},
  "resources": [
    {
      "mode": "managed",
      "type": "docker_container",
      "name": "client",
      "provider": "provider[\"registry.terraform.io/kreuzwerker/docker\"]",
      "instances": []
    },
    {
      "mode": "managed",
      "type": "docker_container",
      "name": "server",
      "provider": "provider[\"registry.terraform.io/kreuzwerker/docker\"]",
      "instances": []
    },
    {
      "mode": "managed",
      "type": "docker_image",
      "name": "client",
      "provider": "provider[\"registry.terraform.io/kreuzwerker/docker\"]",
      "instances": [
        {
          "schema_version": 0,
          "attributes": {
            "build": [],
            "force_remove": null,
            "id": "sha256:0c6e66713582dbc982c00b9643d664607f31f6e41d1306a7ad68549309efb00enestjs-client:latest",
            "image_id": "sha256:0c6e66713582dbc982c00b9643d664607f31f6e41d1306a7ad68549309efb00e",
            "keep_locally": null,
            "name": "nestjs-client:latest",
            "platform": null,
            "pull_triggers": null,
            "repo_digest": "",
            "triggers": null
          },
          "sensitive_attributes": [],
          "private": "bnVsbA=="
        }
      ]
    },
    {
      "mode": "managed",
      "type": "docker_image",
      "name": "mongodb",
      "provider": "provider[\"registry.terraform.io/kreuzwerker/docker\"]",
      "instances": [
        {
          "schema_version": 0,
          "attributes": {
            "build": [],
            "force_remove": null,
            "id": "sha256:9a5e0d0cf6dea27fa96b889dc4687c317f3ff99f582083f2503433d534dfbba3mongo:latest",
            "image_id": "sha256:9a5e0d0cf6dea27fa96b889dc4687c317f3ff99f582083f2503433d534dfbba3",
            "keep_locally": null,
            "name": "mongo:latest",
            "platform": null,
            "pull_triggers": null,
            "repo_digest": "mongo@sha256:cc4522f3f5c0d3435046eb51b1d8a633d8e24d8e661b6ba127a98e5519d11bde",
            "triggers": null
          },
          "sensitive_attributes": [],
          "private": "bnVsbA=="
        }
      ]
    },
    {
      "mode": "managed",
      "type": "docker_image",
      "name": "server",
      "provider": "provider[\"registry.terraform.io/kreuzwerker/docker\"]",
      "instances": [
        {
          "schema_version": 0,
          "attributes": {
            "build": [],
            "force_remove": null,
            "id": "sha256:58d4ad39827de9e1f14a301c746fa176880345bf9f22c9201591f946cb327415nestjs-server:latest",
            "image_id": "sha256:58d4ad39827de9e1f14a301c746fa176880345bf9f22c9201591f946cb327415",
            "keep_locally": null,
            "name": "nestjs-server:latest",
            "platform": null,
            "pull_triggers": null,
            "repo_digest": "",
            "triggers": null
          },
          "sensitive_attributes": [],
          "private": "bnVsbA=="
        }
      ]
    },
    {
      "module": "module.keycloak",
      "mode": "managed",
      "type": "docker_image",
      "name": "keycloak",
      "provider": "provider[\"registry.terraform.io/kreuzwerker/docker\"]",
      "instances": [
        {
          "schema_version": 0,
          "attributes": {
            "build": [],
            "force_remove": null,
            "id": "sha256:2cb4b870707e5f9ed00cb4e6c53ffc1c9117a56e835f76f1435eae3279c5a6f4quay.io/keycloak/keycloak:21.0.1",
            "image_id": "sha256:2cb4b870707e5f9ed00cb4e6c53ffc1c9117a56e835f76f1435eae3279c5a6f4",
            "keep_locally": null,
            "name": "quay.io/keycloak/keycloak:21.0.1",
            "platform": null,
            "pull_triggers": null,
            "repo_digest": "quay.io/keycloak/keycloak@sha256:057e1264cae9adbd9be65235d0c837087b0accc183275803b7da81b1b7a2a94c",
            "triggers": null
          },
          "sensitive_attributes": [],
          "private": "bnVsbA=="
        }
      ]
    }
  ],
  "check_results": null
}
